# Generated by buf. DO NOT EDIT.
version: v1
deps:
  - remote: buf.build
    owner: bufbuild
    repository: protovalidate
    commit: c923a0c2a1324d8b9db81effea973b9c
    digest: shake256:fa33480ce0a33e69bd8e8bed26da86c04e44c1648f0e687864be8f908167c133ad63a02d09284aa124f9fc625e8c3b8d3592e8978f97574b674f3f6e49c16597
  - remote: buf.build
    owner: googleapis
    repository: googleapis
    commit: 536964a08a534d51b8f30f2d6751f1f9
    digest: shake256:b6d518a50df43704333587967830344b49247ac8cf0953847d710f2d72246f677aeba56593dcd78f9199afff8ae9498f8dd5efe54107e5a09c60fff872456ca9
  - remote: buf.build
    owner: protocolbuffers
    repository: wellknowntypes
    commit: 9d16d599a978406980f6e2f081331a93
    digest: shake256:946278992baee216f7742401780df3727195ffc068a30e21769c7e808d16ee25e9e48e51f938b6ddbe405abe46c45091a56ad90aac1cad0d809d16cbad889ff1
