# Generated by buf. DO NOT EDIT.
version: v1
deps:
  - remote: buf.build
    owner: bufbuild
    repository: protovalidate
    commit: c923a0c2a1324d8b9db81effea973b9c
    digest: shake256:fa33480ce0a33e69bd8e8bed26da86c04e44c1648f0e687864be8f908167c133ad63a02d09284aa124f9fc625e8c3b8d3592e8978f97574b674f3f6e49c16597
  - remote: buf.build
    owner: googleapis
    repository: googleapis
    commit: 004180b77378443887d3b55cabc00384
    digest: shake256:d26c7c2fd95f0873761af33ca4a0c0d92c8577122b6feb74eb3b0a57ebe47a98ab24a209a0e91945ac4c77204e9da0c2de0020b2cedc27bdbcdea6c431eec69b
  - remote: buf.build
    owner: protocolbuffers
    repository: wellknowntypes
    commit: 4e1ccfa6827947beb55974645a315b8d
    digest: shake256:7535ac337929b4cfdd12d52bef75155277e715bdc364fcb41556a95fa0d3f58510b4e210f609cb91f9a47363a59c1643b6b1059d7702d0e900059271fde1c03a
